// !$*UTF8*$!
{
	archiveVersion = 1;
	classes = {
	};
	objectVersion = 77;
	objects = {

/* Begin PBXBuildFile section */
		4050EF8E2E09948400BA9D57 /* launchscreen.mp4 in Resources */ = {isa = PBXBuildFile; fileRef = 4050EF8D2E09948400BA9D57 /* launchscreen.mp4 */; };
		4050EF912E0994F100BA9D57 /* WWLogoLauncher+Utils.swift in Sources */ = {isa = PBXBuildFile; fileRef = 4050EF902E0994F100BA9D57 /* WWLogoLauncher+Utils.swift */; };
		4050EF942E09953D00BA9D57 /* AVPlayer+Ext.swift in Sources */ = {isa = PBXBuildFile; fileRef = 4050EF932E09953D00BA9D57 /* AVPlayer+Ext.swift */; };
		4050EF962E09956800BA9D57 /* Constants+Utils.swift in Sources */ = {isa = PBXBuildFile; fileRef = 4050EF952E09956800BA9D57 /* Constants+Utils.swift */; };
		4050EF992E09966800BA9D57 /* PersistenceManager.swift in Sources */ = {isa = PBXBuildFile; fileRef = 4050EF982E09966800BA9D57 /* PersistenceManager.swift */; };
		4050EF9B2E099A3700BA9D57 /* WWError+Utils.swift in Sources */ = {isa = PBXBuildFile; fileRef = 4050EF9A2E099A3700BA9D57 /* WWError+Utils.swift */; };
		4050EF9F2E099B3400BA9D57 /* UIViewController+Ext.swift in Sources */ = {isa = PBXBuildFile; fileRef = 4050EF9E2E099B3400BA9D57 /* UIViewController+Ext.swift */; };
		4050EFA32E09A1BB00BA9D57 /* UIAlertController+Ext.swift in Sources */ = {isa = PBXBuildFile; fileRef = 4050EFA22E09A1BB00BA9D57 /* UIAlertController+Ext.swift */; };
		4050EFA52E09A20D00BA9D57 /* UIView+Ext.swift in Sources */ = {isa = PBXBuildFile; fileRef = 4050EFA42E09A20D00BA9D57 /* UIView+Ext.swift */; };
		4050EFA72E09A29D00BA9D57 /* KeychainWrapper.swift in Sources */ = {isa = PBXBuildFile; fileRef = 4050EFA62E09A29D00BA9D57 /* KeychainWrapper.swift */; };
		4050EFA92E09A2C700BA9D57 /* KeychainOptions.swift in Sources */ = {isa = PBXBuildFile; fileRef = 4050EFA82E09A2C700BA9D57 /* KeychainOptions.swift */; };
		4050EFB12E09B1A000BA9D57 /* RecordWhistleVC.swift in Sources */ = {isa = PBXBuildFile; fileRef = 4050EFB02E09B1A000BA9D57 /* RecordWhistleVC.swift */; };
		405FA0A12E275D3F00070BC4 /* WWWhistle.swift in Sources */ = {isa = PBXBuildFile; fileRef = 405FA0A02E275D3F00070BC4 /* WWWhistle.swift */; };
		40AAFD192E1F74F100261B36 /* UIResponder+Ext.swift in Sources */ = {isa = PBXBuildFile; fileRef = 40AAFD182E1F74F100261B36 /* UIResponder+Ext.swift */; };
		40AAFD1D2E1F782600261B36 /* AddCommentsVC.swift in Sources */ = {isa = PBXBuildFile; fileRef = 40AAFD1C2E1F782600261B36 /* AddCommentsVC.swift */; };
		40AAFD1F2E1F813600261B36 /* SubmitVC.swift in Sources */ = {isa = PBXBuildFile; fileRef = 40AAFD1E2E1F813600261B36 /* SubmitVC.swift */; };
		40C472322E1931ED00D6F86F /* SelectGenreTableVC.swift in Sources */ = {isa = PBXBuildFile; fileRef = 40C472312E1931ED00D6F86F /* SelectGenreTableVC.swift */; };
		40C78E972E07FB5100AC3637 /* AppDelegate.swift in Sources */ = {isa = PBXBuildFile; fileRef = 40C78E8B2E07FB5100AC3637 /* AppDelegate.swift */; };
		40C78E982E07FB5100AC3637 /* Project33_WhatsThatWhistle.xcdatamodeld in Sources */ = {isa = PBXBuildFile; fileRef = 40C78E922E07FB5100AC3637 /* Project33_WhatsThatWhistle.xcdatamodeld */; };
		40C78E992E07FB5100AC3637 /* SceneDelegate.swift in Sources */ = {isa = PBXBuildFile; fileRef = 40C78E932E07FB5100AC3637 /* SceneDelegate.swift */; };
		40C78E9A2E07FB5100AC3637 /* HomeVC.swift in Sources */ = {isa = PBXBuildFile; fileRef = 40C78E942E07FB5100AC3637 /* HomeVC.swift */; };
		40C78E9B2E07FB5100AC3637 /* Assets.xcassets in Resources */ = {isa = PBXBuildFile; fileRef = 40C78E8C2E07FB5100AC3637 /* Assets.xcassets */; };
		40C78E9D2E07FB5100AC3637 /* LaunchScreen.storyboard in Resources */ = {isa = PBXBuildFile; fileRef = 40C78E8F2E07FB5100AC3637 /* LaunchScreen.storyboard */; };
		40C78E9E2E07FB5100AC3637 /* Main.storyboard in Resources */ = {isa = PBXBuildFile; fileRef = 40C78E912E07FB5100AC3637 /* Main.storyboard */; };
/* End PBXBuildFile section */

/* Begin PBXContainerItemProxy section */
		40C78E6E2E07FB1800AC3637 /* PBXContainerItemProxy */ = {
			isa = PBXContainerItemProxy;
			containerPortal = 40C78E4C2E07FB1100AC3637 /* Project object */;
			proxyType = 1;
			remoteGlobalIDString = 40C78E532E07FB1100AC3637;
			remoteInfo = "Project33-WhatsThatWhistle";
		};
		40C78E782E07FB1800AC3637 /* PBXContainerItemProxy */ = {
			isa = PBXContainerItemProxy;
			containerPortal = 40C78E4C2E07FB1100AC3637 /* Project object */;
			proxyType = 1;
			remoteGlobalIDString = 40C78E532E07FB1100AC3637;
			remoteInfo = "Project33-WhatsThatWhistle";
		};
/* End PBXContainerItemProxy section */

/* Begin PBXFileReference section */
		4050EF8D2E09948400BA9D57 /* launchscreen.mp4 */ = {isa = PBXFileReference; lastKnownFileType = file; path = launchscreen.mp4; sourceTree = "<group>"; };
		4050EF902E0994F100BA9D57 /* WWLogoLauncher+Utils.swift */ = {isa = PBXFileReference; lastKnownFileType = sourcecode.swift; path = "WWLogoLauncher+Utils.swift"; sourceTree = "<group>"; };
		4050EF932E09953D00BA9D57 /* AVPlayer+Ext.swift */ = {isa = PBXFileReference; lastKnownFileType = sourcecode.swift; path = "AVPlayer+Ext.swift"; sourceTree = "<group>"; };
		4050EF952E09956800BA9D57 /* Constants+Utils.swift */ = {isa = PBXFileReference; lastKnownFileType = sourcecode.swift; path = "Constants+Utils.swift"; sourceTree = "<group>"; };
		4050EF982E09966800BA9D57 /* PersistenceManager.swift */ = {isa = PBXFileReference; lastKnownFileType = sourcecode.swift; path = PersistenceManager.swift; sourceTree = "<group>"; };
		4050EF9A2E099A3700BA9D57 /* WWError+Utils.swift */ = {isa = PBXFileReference; lastKnownFileType = sourcecode.swift; path = "WWError+Utils.swift"; sourceTree = "<group>"; };
		4050EF9E2E099B3400BA9D57 /* UIViewController+Ext.swift */ = {isa = PBXFileReference; lastKnownFileType = sourcecode.swift; path = "UIViewController+Ext.swift"; sourceTree = "<group>"; };
		4050EFA22E09A1BB00BA9D57 /* UIAlertController+Ext.swift */ = {isa = PBXFileReference; lastKnownFileType = sourcecode.swift; path = "UIAlertController+Ext.swift"; sourceTree = "<group>"; };
		4050EFA42E09A20D00BA9D57 /* UIView+Ext.swift */ = {isa = PBXFileReference; lastKnownFileType = sourcecode.swift; path = "UIView+Ext.swift"; sourceTree = "<group>"; };
		4050EFA62E09A29D00BA9D57 /* KeychainWrapper.swift */ = {isa = PBXFileReference; lastKnownFileType = sourcecode.swift; path = KeychainWrapper.swift; sourceTree = "<group>"; };
		4050EFA82E09A2C700BA9D57 /* KeychainOptions.swift */ = {isa = PBXFileReference; lastKnownFileType = sourcecode.swift; path = KeychainOptions.swift; sourceTree = "<group>"; };
		4050EFB02E09B1A000BA9D57 /* RecordWhistleVC.swift */ = {isa = PBXFileReference; lastKnownFileType = sourcecode.swift; path = RecordWhistleVC.swift; sourceTree = "<group>"; };
		405FA09E2E27436300070BC4 /* Project33-WhatsThatWhistle.entitlements */ = {isa = PBXFileReference; lastKnownFileType = text.plist.entitlements; path = "Project33-WhatsThatWhistle.entitlements"; sourceTree = "<group>"; };
		405FA0A02E275D3F00070BC4 /* WWWhistle.swift */ = {isa = PBXFileReference; lastKnownFileType = sourcecode.swift; path = WWWhistle.swift; sourceTree = "<group>"; };
		40AAFD182E1F74F100261B36 /* UIResponder+Ext.swift */ = {isa = PBXFileReference; lastKnownFileType = sourcecode.swift; path = "UIResponder+Ext.swift"; sourceTree = "<group>"; };
		40AAFD1C2E1F782600261B36 /* AddCommentsVC.swift */ = {isa = PBXFileReference; lastKnownFileType = sourcecode.swift; path = AddCommentsVC.swift; sourceTree = "<group>"; };
		40AAFD1E2E1F813600261B36 /* SubmitVC.swift */ = {isa = PBXFileReference; lastKnownFileType = sourcecode.swift; path = SubmitVC.swift; sourceTree = "<group>"; };
		40C472312E1931ED00D6F86F /* SelectGenreTableVC.swift */ = {isa = PBXFileReference; lastKnownFileType = sourcecode.swift; path = SelectGenreTableVC.swift; sourceTree = "<group>"; };
		40C78E542E07FB1100AC3637 /* Project33-WhatsThatWhistle.app */ = {isa = PBXFileReference; explicitFileType = wrapper.application; includeInIndex = 0; path = "Project33-WhatsThatWhistle.app"; sourceTree = BUILT_PRODUCTS_DIR; };
		40C78E6D2E07FB1800AC3637 /* Project33-WhatsThatWhistleTests.xctest */ = {isa = PBXFileReference; explicitFileType = wrapper.cfbundle; includeInIndex = 0; path = "Project33-WhatsThatWhistleTests.xctest"; sourceTree = BUILT_PRODUCTS_DIR; };
		40C78E772E07FB1800AC3637 /* Project33-WhatsThatWhistleUITests.xctest */ = {isa = PBXFileReference; explicitFileType = wrapper.cfbundle; includeInIndex = 0; path = "Project33-WhatsThatWhistleUITests.xctest"; sourceTree = BUILT_PRODUCTS_DIR; };
		40C78E8B2E07FB5100AC3637 /* AppDelegate.swift */ = {isa = PBXFileReference; lastKnownFileType = sourcecode.swift; path = AppDelegate.swift; sourceTree = "<group>"; };
		40C78E8C2E07FB5100AC3637 /* Assets.xcassets */ = {isa = PBXFileReference; lastKnownFileType = folder.assetcatalog; path = Assets.xcassets; sourceTree = "<group>"; };
		40C78E8D2E07FB5100AC3637 /* Info.plist */ = {isa = PBXFileReference; lastKnownFileType = text.plist.xml; path = Info.plist; sourceTree = "<group>"; };
		40C78E8E2E07FB5100AC3637 /* Base */ = {isa = PBXFileReference; lastKnownFileType = file.storyboard; name = Base; path = Base.lproj/LaunchScreen.storyboard; sourceTree = "<group>"; };
		40C78E902E07FB5100AC3637 /* Base */ = {isa = PBXFileReference; lastKnownFileType = file.storyboard; name = Base; path = Base.lproj/Main.storyboard; sourceTree = "<group>"; };
		40C78E932E07FB5100AC3637 /* SceneDelegate.swift */ = {isa = PBXFileReference; lastKnownFileType = sourcecode.swift; path = SceneDelegate.swift; sourceTree = "<group>"; };
		40C78E942E07FB5100AC3637 /* HomeVC.swift */ = {isa = PBXFileReference; lastKnownFileType = sourcecode.swift; path = HomeVC.swift; sourceTree = "<group>"; };
		40C78E962E07FB5100AC3637 /* Project33_WhatsThatWhistle.xcdatamodel */ = {isa = PBXFileReference; lastKnownFileType = wrapper.xcdatamodel; path = Project33_WhatsThatWhistle.xcdatamodel; sourceTree = "<group>"; };
/* End PBXFileReference section */

/* Begin PBXFileSystemSynchronizedRootGroup section */
		40C78E702E07FB1800AC3637 /* Project33-WhatsThatWhistleTests */ = {
			isa = PBXFileSystemSynchronizedRootGroup;
			path = "Project33-WhatsThatWhistleTests";
			sourceTree = "<group>";
		};
		40C78E7A2E07FB1800AC3637 /* Project33-WhatsThatWhistleUITests */ = {
			isa = PBXFileSystemSynchronizedRootGroup;
			path = "Project33-WhatsThatWhistleUITests";
			sourceTree = "<group>";
		};
/* End PBXFileSystemSynchronizedRootGroup section */

/* Begin PBXFrameworksBuildPhase section */
		40C78E512E07FB1100AC3637 /* Frameworks */ = {
			isa = PBXFrameworksBuildPhase;
			buildActionMask = 2147483647;
			files = (
			);
			runOnlyForDeploymentPostprocessing = 0;
		};
		40C78E6A2E07FB1800AC3637 /* Frameworks */ = {
			isa = PBXFrameworksBuildPhase;
			buildActionMask = 2147483647;
			files = (
			);
			runOnlyForDeploymentPostprocessing = 0;
		};
		40C78E742E07FB1800AC3637 /* Frameworks */ = {
			isa = PBXFrameworksBuildPhase;
			buildActionMask = 2147483647;
			files = (
			);
			runOnlyForDeploymentPostprocessing = 0;
		};
/* End PBXFrameworksBuildPhase section */

/* Begin PBXGroup section */
		4050EF8F2E0994CB00BA9D57 /* Utilities */ = {
			isa = PBXGroup;
			children = (
				4050EF952E09956800BA9D57 /* Constants+Utils.swift */,
				4050EF902E0994F100BA9D57 /* WWLogoLauncher+Utils.swift */,
				4050EF9A2E099A3700BA9D57 /* WWError+Utils.swift */,
			);
			path = Utilities;
			sourceTree = "<group>";
		};
		4050EF922E09951500BA9D57 /* Extensions */ = {
			isa = PBXGroup;
			children = (
				4050EF9E2E099B3400BA9D57 /* UIViewController+Ext.swift */,
				40AAFD182E1F74F100261B36 /* UIResponder+Ext.swift */,
				4050EF932E09953D00BA9D57 /* AVPlayer+Ext.swift */,
				4050EFA22E09A1BB00BA9D57 /* UIAlertController+Ext.swift */,
				4050EFA42E09A20D00BA9D57 /* UIView+Ext.swift */,
			);
			path = Extensions;
			sourceTree = "<group>";
		};
		4050EF972E09965A00BA9D57 /* Managers */ = {
			isa = PBXGroup;
			children = (
				4050EF982E09966800BA9D57 /* PersistenceManager.swift */,
			);
			path = Managers;
			sourceTree = "<group>";
		};
		405FA09F2E275CFF00070BC4 /* Models */ = {
			isa = PBXGroup;
			children = (
				405FA0A02E275D3F00070BC4 /* WWWhistle.swift */,
			);
			path = Models;
			sourceTree = "<group>";
		};
		40C78E4B2E07FB1100AC3637 = {
			isa = PBXGroup;
			children = (
				40C78E952E07FB5100AC3637 /* Project33-WhatsThatWhistle */,
				40C78E702E07FB1800AC3637 /* Project33-WhatsThatWhistleTests */,
				40C78E7A2E07FB1800AC3637 /* Project33-WhatsThatWhistleUITests */,
				40C78E552E07FB1100AC3637 /* Products */,
			);
			sourceTree = "<group>";
		};
		40C78E552E07FB1100AC3637 /* Products */ = {
			isa = PBXGroup;
			children = (
				40C78E542E07FB1100AC3637 /* Project33-WhatsThatWhistle.app */,
				40C78E6D2E07FB1800AC3637 /* Project33-WhatsThatWhistleTests.xctest */,
				40C78E772E07FB1800AC3637 /* Project33-WhatsThatWhistleUITests.xctest */,
			);
			name = Products;
			sourceTree = "<group>";
		};
		40C78E952E07FB5100AC3637 /* Project33-WhatsThatWhistle */ = {
			isa = PBXGroup;
			children = (
				405FA09E2E27436300070BC4 /* Project33-WhatsThatWhistle.entitlements */,
				4050EF972E09965A00BA9D57 /* Managers */,
				4050EF922E09951500BA9D57 /* Extensions */,
				4050EF8F2E0994CB00BA9D57 /* Utilities */,
				405FA09F2E275CFF00070BC4 /* Models */,
				40C78EA02E07FB7D00AC3637 /* Screens */,
				40C78E9F2E07FB5E00AC3637 /* Support */,
				40C78E8D2E07FB5100AC3637 /* Info.plist */,
			);
			path = "Project33-WhatsThatWhistle";
			sourceTree = "<group>";
		};
		40C78E9F2E07FB5E00AC3637 /* Support */ = {
			isa = PBXGroup;
			children = (
				40C78E8B2E07FB5100AC3637 /* AppDelegate.swift */,
				40C78E932E07FB5100AC3637 /* SceneDelegate.swift */,
				4050EFA62E09A29D00BA9D57 /* KeychainWrapper.swift */,
				4050EFA82E09A2C700BA9D57 /* KeychainOptions.swift */,
				40C78E8F2E07FB5100AC3637 /* LaunchScreen.storyboard */,
				40C78E912E07FB5100AC3637 /* Main.storyboard */,
				40C78E8C2E07FB5100AC3637 /* Assets.xcassets */,
				4050EF8D2E09948400BA9D57 /* launchscreen.mp4 */,
				40C78E922E07FB5100AC3637 /* Project33_WhatsThatWhistle.xcdatamodeld */,
			);
			path = Support;
			sourceTree = "<group>";
		};
		40C78EA02E07FB7D00AC3637 /* Screens */ = {
			isa = PBXGroup;
			children = (
				40C78E942E07FB5100AC3637 /* HomeVC.swift */,
				4050EFB02E09B1A000BA9D57 /* RecordWhistleVC.swift */,
				40C472312E1931ED00D6F86F /* SelectGenreTableVC.swift */,
				40AAFD1C2E1F782600261B36 /* AddCommentsVC.swift */,
				40AAFD1E2E1F813600261B36 /* SubmitVC.swift */,
			);
			path = Screens;
			sourceTree = "<group>";
		};
/* End PBXGroup section */

/* Begin PBXNativeTarget section */
		40C78E532E07FB1100AC3637 /* Project33-WhatsThatWhistle */ = {
			isa = PBXNativeTarget;
			buildConfigurationList = 40C78E802E07FB1800AC3637 /* Build configuration list for PBXNativeTarget "Project33-WhatsThatWhistle" */;
			buildPhases = (
				40C78E502E07FB1100AC3637 /* Sources */,
				40C78E512E07FB1100AC3637 /* Frameworks */,
				40C78E522E07FB1100AC3637 /* Resources */,
			);
			buildRules = (
			);
			dependencies = (
			);
			name = "Project33-WhatsThatWhistle";
			packageProductDependencies = (
			);
			productName = "Project33-WhatsThatWhistle";
			productReference = 40C78E542E07FB1100AC3637 /* Project33-WhatsThatWhistle.app */;
			productType = "com.apple.product-type.application";
		};
		40C78E6C2E07FB1800AC3637 /* Project33-WhatsThatWhistleTests */ = {
			isa = PBXNativeTarget;
			buildConfigurationList = 40C78E852E07FB1800AC3637 /* Build configuration list for PBXNativeTarget "Project33-WhatsThatWhistleTests" */;
			buildPhases = (
				40C78E692E07FB1800AC3637 /* Sources */,
				40C78E6A2E07FB1800AC3637 /* Frameworks */,
				40C78E6B2E07FB1800AC3637 /* Resources */,
			);
			buildRules = (
			);
			dependencies = (
				40C78E6F2E07FB1800AC3637 /* PBXTargetDependency */,
			);
			fileSystemSynchronizedGroups = (
				40C78E702E07FB1800AC3637 /* Project33-WhatsThatWhistleTests */,
			);
			name = "Project33-WhatsThatWhistleTests";
			packageProductDependencies = (
			);
			productName = "Project33-WhatsThatWhistleTests";
			productReference = 40C78E6D2E07FB1800AC3637 /* Project33-WhatsThatWhistleTests.xctest */;
			productType = "com.apple.product-type.bundle.unit-test";
		};
		40C78E762E07FB1800AC3637 /* Project33-WhatsThatWhistleUITests */ = {
			isa = PBXNativeTarget;
			buildConfigurationList = 40C78E882E07FB1800AC3637 /* Build configuration list for PBXNativeTarget "Project33-WhatsThatWhistleUITests" */;
			buildPhases = (
				40C78E732E07FB1800AC3637 /* Sources */,
				40C78E742E07FB1800AC3637 /* Frameworks */,
				40C78E752E07FB1800AC3637 /* Resources */,
			);
			buildRules = (
			);
			dependencies = (
				40C78E792E07FB1800AC3637 /* PBXTargetDependency */,
			);
			fileSystemSynchronizedGroups = (
				40C78E7A2E07FB1800AC3637 /* Project33-WhatsThatWhistleUITests */,
			);
			name = "Project33-WhatsThatWhistleUITests";
			packageProductDependencies = (
			);
			productName = "Project33-WhatsThatWhistleUITests";
			productReference = 40C78E772E07FB1800AC3637 /* Project33-WhatsThatWhistleUITests.xctest */;
			productType = "com.apple.product-type.bundle.ui-testing";
		};
/* End PBXNativeTarget section */

/* Begin PBXProject section */
		40C78E4C2E07FB1100AC3637 /* Project object */ = {
			isa = PBXProject;
			attributes = {
				BuildIndependentTargetsInParallel = 1;
				LastSwiftUpdateCheck = 1640;
				LastUpgradeCheck = 1640;
				TargetAttributes = {
					40C78E532E07FB1100AC3637 = {
						CreatedOnToolsVersion = 16.4;
					};
					40C78E6C2E07FB1800AC3637 = {
						CreatedOnToolsVersion = 16.4;
						TestTargetID = 40C78E532E07FB1100AC3637;
					};
					40C78E762E07FB1800AC3637 = {
						CreatedOnToolsVersion = 16.4;
						TestTargetID = 40C78E532E07FB1100AC3637;
					};
				};
			};
			buildConfigurationList = 40C78E4F2E07FB1100AC3637 /* Build configuration list for PBXProject "Project33-WhatsThatWhistle" */;
			developmentRegion = en;
			hasScannedForEncodings = 0;
			knownRegions = (
				en,
				Base,
			);
			mainGroup = 40C78E4B2E07FB1100AC3637;
			minimizedProjectReferenceProxies = 1;
			preferredProjectObjectVersion = 77;
			productRefGroup = 40C78E552E07FB1100AC3637 /* Products */;
			projectDirPath = "";
			projectRoot = "";
			targets = (
				40C78E532E07FB1100AC3637 /* Project33-WhatsThatWhistle */,
				40C78E6C2E07FB1800AC3637 /* Project33-WhatsThatWhistleTests */,
				40C78E762E07FB1800AC3637 /* Project33-WhatsThatWhistleUITests */,
			);
		};
/* End PBXProject section */

/* Begin PBXResourcesBuildPhase section */
		40C78E522E07FB1100AC3637 /* Resources */ = {
			isa = PBXResourcesBuildPhase;
			buildActionMask = 2147483647;
			files = (
				40C78E9B2E07FB5100AC3637 /* Assets.xcassets in Resources */,
				40C78E9D2E07FB5100AC3637 /* LaunchScreen.storyboard in Resources */,
				4050EF8E2E09948400BA9D57 /* launchscreen.mp4 in Resources */,
				40C78E9E2E07FB5100AC3637 /* Main.storyboard in Resources */,
			);
			runOnlyForDeploymentPostprocessing = 0;
		};
		40C78E6B2E07FB1800AC3637 /* Resources */ = {
			isa = PBXResourcesBuildPhase;
			buildActionMask = 2147483647;
			files = (
			);
			runOnlyForDeploymentPostprocessing = 0;
		};
		40C78E752E07FB1800AC3637 /* Resources */ = {
			isa = PBXResourcesBuildPhase;
			buildActionMask = 2147483647;
			files = (
			);
			runOnlyForDeploymentPostprocessing = 0;
		};
/* End PBXResourcesBuildPhase section */

/* Begin PBXSourcesBuildPhase section */
		40C78E502E07FB1100AC3637 /* Sources */ = {
			isa = PBXSourcesBuildPhase;
			buildActionMask = 2147483647;
			files = (
				4050EF912E0994F100BA9D57 /* WWLogoLauncher+Utils.swift in Sources */,
				4050EF962E09956800BA9D57 /* Constants+Utils.swift in Sources */,
				4050EFA72E09A29D00BA9D57 /* KeychainWrapper.swift in Sources */,
				4050EFB12E09B1A000BA9D57 /* RecordWhistleVC.swift in Sources */,
				405FA0A12E275D3F00070BC4 /* WWWhistle.swift in Sources */,
				4050EF942E09953D00BA9D57 /* AVPlayer+Ext.swift in Sources */,
				40C472322E1931ED00D6F86F /* SelectGenreTableVC.swift in Sources */,
				4050EF992E09966800BA9D57 /* PersistenceManager.swift in Sources */,
				40C78E972E07FB5100AC3637 /* AppDelegate.swift in Sources */,
				40AAFD1F2E1F813600261B36 /* SubmitVC.swift in Sources */,
				4050EFA92E09A2C700BA9D57 /* KeychainOptions.swift in Sources */,
				4050EF9F2E099B3400BA9D57 /* UIViewController+Ext.swift in Sources */,
				40C78E982E07FB5100AC3637 /* Project33_WhatsThatWhistle.xcdatamodeld in Sources */,
				40C78E992E07FB5100AC3637 /* SceneDelegate.swift in Sources */,
				4050EFA52E09A20D00BA9D57 /* UIView+Ext.swift in Sources */,
				40AAFD192E1F74F100261B36 /* UIResponder+Ext.swift in Sources */,
				4050EF9B2E099A3700BA9D57 /* WWError+Utils.swift in Sources */,
				40C78E9A2E07FB5100AC3637 /* HomeVC.swift in Sources */,
				4050EFA32E09A1BB00BA9D57 /* UIAlertController+Ext.swift in Sources */,
				40AAFD1D2E1F782600261B36 /* AddCommentsVC.swift in Sources */,
			);
			runOnlyForDeploymentPostprocessing = 0;
		};
		40C78E692E07FB1800AC3637 /* Sources */ = {
			isa = PBXSourcesBuildPhase;
			buildActionMask = 2147483647;
			files = (
			);
			runOnlyForDeploymentPostprocessing = 0;
		};
		40C78E732E07FB1800AC3637 /* Sources */ = {
			isa = PBXSourcesBuildPhase;
			buildActionMask = 2147483647;
			files = (
			);
			runOnlyForDeploymentPostprocessing = 0;
		};
/* End PBXSourcesBuildPhase section */

/* Begin PBXTargetDependency section */
		40C78E6F2E07FB1800AC3637 /* PBXTargetDependency */ = {
			isa = PBXTargetDependency;
			target = 40C78E532E07FB1100AC3637 /* Project33-WhatsThatWhistle */;
			targetProxy = 40C78E6E2E07FB1800AC3637 /* PBXContainerItemProxy */;
		};
		40C78E792E07FB1800AC3637 /* PBXTargetDependency */ = {
			isa = PBXTargetDependency;
			target = 40C78E532E07FB1100AC3637 /* Project33-WhatsThatWhistle */;
			targetProxy = 40C78E782E07FB1800AC3637 /* PBXContainerItemProxy */;
		};
/* End PBXTargetDependency section */

/* Begin PBXVariantGroup section */
		40C78E8F2E07FB5100AC3637 /* LaunchScreen.storyboard */ = {
			isa = PBXVariantGroup;
			children = (
				40C78E8E2E07FB5100AC3637 /* Base */,
			);
			name = LaunchScreen.storyboard;
			sourceTree = "<group>";
		};
		40C78E912E07FB5100AC3637 /* Main.storyboard */ = {
			isa = PBXVariantGroup;
			children = (
				40C78E902E07FB5100AC3637 /* Base */,
			);
			name = Main.storyboard;
			sourceTree = "<group>";
		};
/* End PBXVariantGroup section */

/* Begin XCBuildConfiguration section */
		40C78E812E07FB1800AC3637 /* Debug */ = {
			isa = XCBuildConfiguration;
			buildSettings = {
				ASSETCATALOG_COMPILER_APPICON_NAME = AppIcon;
				ASSETCATALOG_COMPILER_GLOBAL_ACCENT_COLOR_NAME = AccentColor;
				CODE_SIGN_ENTITLEMENTS = "Project33-WhatsThatWhistle/Project33-WhatsThatWhistle.entitlements";
				CODE_SIGN_STYLE = Automatic;
				CURRENT_PROJECT_VERSION = 1;
				DEVELOPMENT_TEAM = M9MT23QW7V;
				GENERATE_INFOPLIST_FILE = YES;
				INFOPLIST_FILE = "Project33-WhatsThatWhistle/Info.plist";
				INFOPLIST_KEY_UIApplicationSupportsIndirectInputEvents = YES;
				INFOPLIST_KEY_UILaunchStoryboardName = LaunchScreen;
				INFOPLIST_KEY_UIMainStoryboardFile = Main;
				INFOPLIST_KEY_UISupportedInterfaceOrientations_iPad = "UIInterfaceOrientationPortrait UIInterfaceOrientationPortraitUpsideDown UIInterfaceOrientationLandscapeLeft UIInterfaceOrientationLandscapeRight";
				INFOPLIST_KEY_UISupportedInterfaceOrientations_iPhone = "UIInterfaceOrientationPortrait UIInterfaceOrientationLandscapeLeft UIInterfaceOrientationLandscapeRight";
				LD_RUNPATH_SEARCH_PATHS = (
					"$(inherited)",
					"@executable_path/Frameworks",
				);
				MARKETING_VERSION = 1.0;
				PRODUCT_BUNDLE_IDENTIFIER = "noahpope.Project33-WhatsThatWhistle";
				PRODUCT_NAME = "$(TARGET_NAME)";
				SWIFT_EMIT_LOC_STRINGS = YES;
				SWIFT_VERSION = 5.0;
				TARGETED_DEVICE_FAMILY = "1,2";
			};
			name = Debug;
		};
		40C78E822E07FB1800AC3637 /* Release */ = {
			isa = XCBuildConfiguration;
			buildSettings = {
				ASSETCATALOG_COMPILER_APPICON_NAME = AppIcon;
				ASSETCATALOG_COMPILER_GLOBAL_ACCENT_COLOR_NAME = AccentColor;
				CODE_SIGN_ENTITLEMENTS = "Project33-WhatsThatWhistle/Project33-WhatsThatWhistle.entitlements";
				CODE_SIGN_STYLE = Automatic;
				CURRENT_PROJECT_VERSION = 1;
				DEVELOPMENT_TEAM = M9MT23QW7V;
				GENERATE_INFOPLIST_FILE = YES;
				INFOPLIST_FILE = "Project33-WhatsThatWhistle/Info.plist";
				INFOPLIST_KEY_UIApplicationSupportsIndirectInputEvents = YES;
				INFOPLIST_KEY_UILaunchStoryboardName = LaunchScreen;
				INFOPLIST_KEY_UIMainStoryboardFile = Main;
				INFOPLIST_KEY_UISupportedInterfaceOrientations_iPad = "UIInterfaceOrientationPortrait UIInterfaceOrientationPortraitUpsideDown UIInterfaceOrientationLandscapeLeft UIInterfaceOrientationLandscapeRight";
				INFOPLIST_KEY_UISupportedInterfaceOrientations_iPhone = "UIInterfaceOrientationPortrait UIInterfaceOrientationLandscapeLeft UIInterfaceOrientationLandscapeRight";
				LD_RUNPATH_SEARCH_PATHS = (
					"$(inherited)",
					"@executable_path/Frameworks",
				);
				MARKETING_VERSION = 1.0;
				PRODUCT_BUNDLE_IDENTIFIER = "noahpope.Project33-WhatsThatWhistle";
				PRODUCT_NAME = "$(TARGET_NAME)";
				SWIFT_EMIT_LOC_STRINGS = YES;
				SWIFT_VERSION = 5.0;
				TARGETED_DEVICE_FAMILY = "1,2";
			};
			name = Release;
		};
		40C78E832E07FB1800AC3637 /* Debug */ = {
			isa = XCBuildConfiguration;
			buildSettings = {
				ALWAYS_SEARCH_USER_PATHS = NO;
				ASSETCATALOG_COMPILER_GENERATE_SWIFT_ASSET_SYMBOL_EXTENSIONS = YES;
				CLANG_ANALYZER_NONNULL = YES;
				CLANG_ANALYZER_NUMBER_OBJECT_CONVERSION = YES_AGGRESSIVE;
				CLANG_CXX_LANGUAGE_STANDARD = "gnu++20";
				CLANG_ENABLE_MODULES = YES;
				CLANG_ENABLE_OBJC_ARC = YES;
				CLANG_ENABLE_OBJC_WEAK = YES;
				CLANG_WARN_BLOCK_CAPTURE_AUTORELEASING = YES;
				CLANG_WARN_BOOL_CONVERSION = YES;
				CLANG_WARN_COMMA = YES;
				CLANG_WARN_CONSTANT_CONVERSION = YES;
				CLANG_WARN_DEPRECATED_OBJC_IMPLEMENTATIONS = YES;
				CLANG_WARN_DIRECT_OBJC_ISA_USAGE = YES_ERROR;
				CLANG_WARN_DOCUMENTATION_COMMENTS = YES;
				CLANG_WARN_EMPTY_BODY = YES;
				CLANG_WARN_ENUM_CONVERSION = YES;
				CLANG_WARN_INFINITE_RECURSION = YES;
				CLANG_WARN_INT_CONVERSION = YES;
				CLANG_WARN_NON_LITERAL_NULL_CONVERSION = YES;
				CLANG_WARN_OBJC_IMPLICIT_RETAIN_SELF = YES;
				CLANG_WARN_OBJC_LITERAL_CONVERSION = YES;
				CLANG_WARN_OBJC_ROOT_CLASS = YES_ERROR;
				CLANG_WARN_QUOTED_INCLUDE_IN_FRAMEWORK_HEADER = YES;
				CLANG_WARN_RANGE_LOOP_ANALYSIS = YES;
				CLANG_WARN_STRICT_PROTOTYPES = YES;
				CLANG_WARN_SUSPICIOUS_MOVE = YES;
				CLANG_WARN_UNGUARDED_AVAILABILITY = YES_AGGRESSIVE;
				CLANG_WARN_UNREACHABLE_CODE = YES;
				CLANG_WARN__DUPLICATE_METHOD_MATCH = YES;
				COPY_PHASE_STRIP = NO;
				DEBUG_INFORMATION_FORMAT = dwarf;
				DEVELOPMENT_TEAM = M9MT23QW7V;
				ENABLE_STRICT_OBJC_MSGSEND = YES;
				ENABLE_TESTABILITY = YES;
				ENABLE_USER_SCRIPT_SANDBOXING = YES;
				GCC_C_LANGUAGE_STANDARD = gnu17;
				GCC_DYNAMIC_NO_PIC = NO;
				GCC_NO_COMMON_BLOCKS = YES;
				GCC_OPTIMIZATION_LEVEL = 0;
				GCC_PREPROCESSOR_DEFINITIONS = (
					"DEBUG=1",
					"$(inherited)",
				);
				GCC_WARN_64_TO_32_BIT_CONVERSION = YES;
				GCC_WARN_ABOUT_RETURN_TYPE = YES_ERROR;
				GCC_WARN_UNDECLARED_SELECTOR = YES;
				GCC_WARN_UNINITIALIZED_AUTOS = YES_AGGRESSIVE;
				GCC_WARN_UNUSED_FUNCTION = YES;
				GCC_WARN_UNUSED_VARIABLE = YES;
				IPHONEOS_DEPLOYMENT_TARGET = 18.5;
				LOCALIZATION_PREFERS_STRING_CATALOGS = YES;
				MTL_ENABLE_DEBUG_INFO = INCLUDE_SOURCE;
				MTL_FAST_MATH = YES;
				ONLY_ACTIVE_ARCH = YES;
				SDKROOT = iphoneos;
				SWIFT_ACTIVE_COMPILATION_CONDITIONS = "DEBUG $(inherited)";
				SWIFT_OPTIMIZATION_LEVEL = "-Onone";
			};
			name = Debug;
		};
		40C78E842E07FB1800AC3637 /* Release */ = {
			isa = XCBuildConfiguration;
			buildSettings = {
				ALWAYS_SEARCH_USER_PATHS = NO;
				ASSETCATALOG_COMPILER_GENERATE_SWIFT_ASSET_SYMBOL_EXTENSIONS = YES;
				CLANG_ANALYZER_NONNULL = YES;
				CLANG_ANALYZER_NUMBER_OBJECT_CONVERSION = YES_AGGRESSIVE;
				CLANG_CXX_LANGUAGE_STANDARD = "gnu++20";
				CLANG_ENABLE_MODULES = YES;
				CLANG_ENABLE_OBJC_ARC = YES;
				CLANG_ENABLE_OBJC_WEAK = YES;
				CLANG_WARN_BLOCK_CAPTURE_AUTORELEASING = YES;
				CLANG_WARN_BOOL_CONVERSION = YES;
				CLANG_WARN_COMMA = YES;
				CLANG_WARN_CONSTANT_CONVERSION = YES;
				CLANG_WARN_DEPRECATED_OBJC_IMPLEMENTATIONS = YES;
				CLANG_WARN_DIRECT_OBJC_ISA_USAGE = YES_ERROR;
				CLANG_WARN_DOCUMENTATION_COMMENTS = YES;
				CLANG_WARN_EMPTY_BODY = YES;
				CLANG_WARN_ENUM_CONVERSION = YES;
				CLANG_WARN_INFINITE_RECURSION = YES;
				CLANG_WARN_INT_CONVERSION = YES;
				CLANG_WARN_NON_LITERAL_NULL_CONVERSION = YES;
				CLANG_WARN_OBJC_IMPLICIT_RETAIN_SELF = YES;
				CLANG_WARN_OBJC_LITERAL_CONVERSION = YES;
				CLANG_WARN_OBJC_ROOT_CLASS = YES_ERROR;
				CLANG_WARN_QUOTED_INCLUDE_IN_FRAMEWORK_HEADER = YES;
				CLANG_WARN_RANGE_LOOP_ANALYSIS = YES;
				CLANG_WARN_STRICT_PROTOTYPES = YES;
				CLANG_WARN_SUSPICIOUS_MOVE = YES;
				CLANG_WARN_UNGUARDED_AVAILABILITY = YES_AGGRESSIVE;
				CLANG_WARN_UNREACHABLE_CODE = YES;
				CLANG_WARN__DUPLICATE_METHOD_MATCH = YES;
				COPY_PHASE_STRIP = NO;
				DEBUG_INFORMATION_FORMAT = "dwarf-with-dsym";
				DEVELOPMENT_TEAM = M9MT23QW7V;
				ENABLE_NS_ASSERTIONS = NO;
				ENABLE_STRICT_OBJC_MSGSEND = YES;
				ENABLE_USER_SCRIPT_SANDBOXING = YES;
				GCC_C_LANGUAGE_STANDARD = gnu17;
				GCC_NO_COMMON_BLOCKS = YES;
				GCC_WARN_64_TO_32_BIT_CONVERSION = YES;
				GCC_WARN_ABOUT_RETURN_TYPE = YES_ERROR;
				GCC_WARN_UNDECLARED_SELECTOR = YES;
				GCC_WARN_UNINITIALIZED_AUTOS = YES_AGGRESSIVE;
				GCC_WARN_UNUSED_FUNCTION = YES;
				GCC_WARN_UNUSED_VARIABLE = YES;
				IPHONEOS_DEPLOYMENT_TARGET = 18.5;
				LOCALIZATION_PREFERS_STRING_CATALOGS = YES;
				MTL_ENABLE_DEBUG_INFO = NO;
				MTL_FAST_MATH = YES;
				SDKROOT = iphoneos;
				SWIFT_COMPILATION_MODE = wholemodule;
				VALIDATE_PRODUCT = YES;
			};
			name = Release;
		};
		40C78E862E07FB1800AC3637 /* Debug */ = {
			isa = XCBuildConfiguration;
			buildSettings = {
				BUNDLE_LOADER = "$(TEST_HOST)";
				CODE_SIGN_STYLE = Automatic;
				CURRENT_PROJECT_VERSION = 1;
				DEVELOPMENT_TEAM = M9MT23QW7V;
				GENERATE_INFOPLIST_FILE = YES;
				IPHONEOS_DEPLOYMENT_TARGET = 18.5;
				MARKETING_VERSION = 1.0;
				PRODUCT_BUNDLE_IDENTIFIER = "noahpope.Project33-WhatsThatWhistleTests";
				PRODUCT_NAME = "$(TARGET_NAME)";
				SWIFT_EMIT_LOC_STRINGS = NO;
				SWIFT_VERSION = 5.0;
				TARGETED_DEVICE_FAMILY = "1,2";
				TEST_HOST = "$(BUILT_PRODUCTS_DIR)/Project33-WhatsThatWhistle.app/$(BUNDLE_EXECUTABLE_FOLDER_PATH)/Project33-WhatsThatWhistle";
			};
			name = Debug;
		};
		40C78E872E07FB1800AC3637 /* Release */ = {
			isa = XCBuildConfiguration;
			buildSettings = {
				BUNDLE_LOADER = "$(TEST_HOST)";
				CODE_SIGN_STYLE = Automatic;
				CURRENT_PROJECT_VERSION = 1;
				DEVELOPMENT_TEAM = M9MT23QW7V;
				GENERATE_INFOPLIST_FILE = YES;
				IPHONEOS_DEPLOYMENT_TARGET = 18.5;
				MARKETING_VERSION = 1.0;
				PRODUCT_BUNDLE_IDENTIFIER = "noahpope.Project33-WhatsThatWhistleTests";
				PRODUCT_NAME = "$(TARGET_NAME)";
				SWIFT_EMIT_LOC_STRINGS = NO;
				SWIFT_VERSION = 5.0;
				TARGETED_DEVICE_FAMILY = "1,2";
				TEST_HOST = "$(BUILT_PRODUCTS_DIR)/Project33-WhatsThatWhistle.app/$(BUNDLE_EXECUTABLE_FOLDER_PATH)/Project33-WhatsThatWhistle";
			};
			name = Release;
		};
		40C78E892E07FB1800AC3637 /* Debug */ = {
			isa = XCBuildConfiguration;
			buildSettings = {
				CODE_SIGN_STYLE = Automatic;
				CURRENT_PROJECT_VERSION = 1;
				DEVELOPMENT_TEAM = M9MT23QW7V;
				GENERATE_INFOPLIST_FILE = YES;
				MARKETING_VERSION = 1.0;
				PRODUCT_BUNDLE_IDENTIFIER = "noahpope.Project33-WhatsThatWhistleUITests";
				PRODUCT_NAME = "$(TARGET_NAME)";
				SWIFT_EMIT_LOC_STRINGS = NO;
				SWIFT_VERSION = 5.0;
				TARGETED_DEVICE_FAMILY = "1,2";
				TEST_TARGET_NAME = "Project33-WhatsThatWhistle";
			};
			name = Debug;
		};
		40C78E8A2E07FB1800AC3637 /* Release */ = {
			isa = XCBuildConfiguration;
			buildSettings = {
				CODE_SIGN_STYLE = Automatic;
				CURRENT_PROJECT_VERSION = 1;
				DEVELOPMENT_TEAM = M9MT23QW7V;
				GENERATE_INFOPLIST_FILE = YES;
				MARKETING_VERSION = 1.0;
				PRODUCT_BUNDLE_IDENTIFIER = "noahpope.Project33-WhatsThatWhistleUITests";
				PRODUCT_NAME = "$(TARGET_NAME)";
				SWIFT_EMIT_LOC_STRINGS = NO;
				SWIFT_VERSION = 5.0;
				TARGETED_DEVICE_FAMILY = "1,2";
				TEST_TARGET_NAME = "Project33-WhatsThatWhistle";
			};
			name = Release;
		};
/* End XCBuildConfiguration section */

/* Begin XCConfigurationList section */
		40C78E4F2E07FB1100AC3637 /* Build configuration list for PBXProject "Project33-WhatsThatWhistle" */ = {
			isa = XCConfigurationList;
			buildConfigurations = (
				40C78E832E07FB1800AC3637 /* Debug */,
				40C78E842E07FB1800AC3637 /* Release */,
			);
			defaultConfigurationIsVisible = 0;
			defaultConfigurationName = Release;
		};
		40C78E802E07FB1800AC3637 /* Build configuration list for PBXNativeTarget "Project33-WhatsThatWhistle" */ = {
			isa = XCConfigurationList;
			buildConfigurations = (
				40C78E812E07FB1800AC3637 /* Debug */,
				40C78E822E07FB1800AC3637 /* Release */,
			);
			defaultConfigurationIsVisible = 0;
			defaultConfigurationName = Release;
		};
		40C78E852E07FB1800AC3637 /* Build configuration list for PBXNativeTarget "Project33-WhatsThatWhistleTests" */ = {
			isa = XCConfigurationList;
			buildConfigurations = (
				40C78E862E07FB1800AC3637 /* Debug */,
				40C78E872E07FB1800AC3637 /* Release */,
			);
			defaultConfigurationIsVisible = 0;
			defaultConfigurationName = Release;
		};
		40C78E882E07FB1800AC3637 /* Build configuration list for PBXNativeTarget "Project33-WhatsThatWhistleUITests" */ = {
			isa = XCConfigurationList;
			buildConfigurations = (
				40C78E892E07FB1800AC3637 /* Debug */,
				40C78E8A2E07FB1800AC3637 /* Release */,
			);
			defaultConfigurationIsVisible = 0;
			defaultConfigurationName = Release;
		};
/* End XCConfigurationList section */

/* Begin XCVersionGroup section */
		40C78E922E07FB5100AC3637 /* Project33_WhatsThatWhistle.xcdatamodeld */ = {
			isa = XCVersionGroup;
			children = (
				40C78E962E07FB5100AC3637 /* Project33_WhatsThatWhistle.xcdatamodel */,
			);
			currentVersion = 40C78E962E07FB5100AC3637 /* Project33_WhatsThatWhistle.xcdatamodel */;
			path = Project33_WhatsThatWhistle.xcdatamodeld;
			sourceTree = "<group>";
			versionGroupType = wrapper.xcdatamodel;
		};
/* End XCVersionGroup section */
	};
	rootObject = 40C78E4C2E07FB1100AC3637 /* Project object */;
}
